
Microsoft Visual Studio Solution File, Format Version 12.00
# Visual Studio Version 17
VisualStudioVersion = 17.14.36109.1
MinimumVisualStudioVersion = 10.0.40219.1
Project("{2150E333-8FDC-42A3-9474-1A3956D46DE8}") = "01", "01", "{02EA681E-C7D8-13C7-8484-4AC65E1B71E8}"
EndProject
Project("{FAE04EC0-301F-11D3-BF4B-00C04F79EFBC}") = "Ejercicio01.Consola", "Ejercicio01.Consola\Ejercicio01.Consola.csproj", "{1EBE064E-242D-4490-9DD1-BE3B1F10AB62}"
EndProject
Project("{2150E333-8FDC-42A3-9474-1A3956D46DE8}") = "02", "02", "{98741729-A52E-43D9-AB3B-87B1DE379C24}"
EndProject
Project("{FAE04EC0-301F-11D3-BF4B-00C04F79EFBC}") = "Ejercicio02.Consola", "Ejercicio02.Consola\Ejercicio02.Consola.csproj", "{CAB6FAD5-D290-4D08-A2BE-6CD16688FE0F}"
EndProject
Project("{2150E333-8FDC-42A3-9474-1A3956D46DE8}") = "03", "03", "{05F8F57A-3C9D-4083-BDB6-2D0090A2C61A}"
EndProject
Project("{FAE04EC0-301F-11D3-BF4B-00C04F79EFBC}") = "Ejercicio03.Consola", "Ejercicio03.Consola\Ejercicio03.Consola.csproj", "{7F391CB3-AF56-4634-B7F7-606D2A344236}"
EndProject
Project("{2150E333-8FDC-42A3-9474-1A3956D46DE8}") = "04", "04", "{ECD8C243-9612-49DC-B91E-0CC7AEC8E5B2}"
EndProject
Project("{FAE04EC0-301F-11D3-BF4B-00C04F79EFBC}") = "Ejercicio04.Consola", "Ejercicio04.Consola\Ejercicio04.Consola.csproj", "{CC59A75F-4266-413E-8D72-2BD5711FF292}"
EndProject
Project("{2150E333-8FDC-42A3-9474-1A3956D46DE8}") = "05", "05", "{9CF39F02-ED61-4C7D-97F6-AC6D2D2F7962}"
EndProject
Project("{FAE04EC0-301F-11D3-BF4B-00C04F79EFBC}") = "Ejercicio05.Consola", "Ejercicio05.Consola\Ejercicio05.Consola.csproj", "{8FBCE4E0-F058-44AF-BC26-A9FC381FC044}"
EndProject
Project("{2150E333-8FDC-42A3-9474-1A3956D46DE8}") = "06", "06", "{B0286696-E3F0-407F-B80D-7621FC0EE499}"
EndProject
Project("{FAE04EC0-301F-11D3-BF4B-00C04F79EFBC}") = "Ejercicio06.Consola", "Ejercicio06.Consola\Ejercicio06.Consola.csproj", "{1564C288-CCC4-42D1-A771-B619FF88C4CC}"
EndProject
Project("{2150E333-8FDC-42A3-9474-1A3956D46DE8}") = "07", "07", "{162489A3-6597-4796-9449-BEECD790DE5B}"
EndProject
Project("{FAE04EC0-301F-11D3-BF4B-00C04F79EFBC}") = "Ejercicio07.Consola", "Ejercicio07.Consola\Ejercicio07.Consola.csproj", "{FD02F945-E89D-40E7-9E84-72B30DFB3D86}"
EndProject
Project("{2150E333-8FDC-42A3-9474-1A3956D46DE8}") = "08", "08", "{AE9AB7A2-22E0-46DD-815C-6B7ACEB8F05D}"
EndProject
Project("{FAE04EC0-301F-11D3-BF4B-00C04F79EFBC}") = "Ejercicio08.Consola", "Ejercicio08.Consola\Ejercicio08.Consola.csproj", "{A577791A-572B-42DB-A0A6-DBF66245B0B3}"
EndProject
Project("{2150E333-8FDC-42A3-9474-1A3956D46DE8}") = "09", "09", "{AA1F6245-A6FE-4095-AEAB-2876A544D9E6}"
EndProject
Project("{FAE04EC0-301F-11D3-BF4B-00C04F79EFBC}") = "Ejercicio09.Consola", "Ejercicio09.Consola\Ejercicio09.Consola.csproj", "{1D0EE927-A984-4EC2-B15A-50957BCEEE2F}"
EndProject
Project("{2150E333-8FDC-42A3-9474-1A3956D46DE8}") = "10", "10", "{88B5621B-05BA-4C54-9466-9B2609F4BCD0}"
EndProject
Project("{FAE04EC0-301F-11D3-BF4B-00C04F79EFBC}") = "Ejercicio10.Consola", "Ejercicio10.Consola\Ejercicio10.Consola.csproj", "{665FB13C-C0FA-44F3-95A8-1D96DAE86D89}"
EndProject
Project("{2150E333-8FDC-42A3-9474-1A3956D46DE8}") = "11", "11", "{514B3772-909A-4A8F-B18C-F0BCA78E6729}"
EndProject
Project("{FAE04EC0-301F-11D3-BF4B-00C04F79EFBC}") = "Ejercicio11.Consola", "Ejercicio11.Consola\Ejercicio11.Consola.csproj", "{EACE727D-AAEA-4603-AD52-5AF1058F0424}"
EndProject
Global
	GlobalSection(SolutionConfigurationPlatforms) = preSolution
		Debug|Any CPU = Debug|Any CPU
		Release|Any CPU = Release|Any CPU
	EndGlobalSection
	GlobalSection(ProjectConfigurationPlatforms) = postSolution
		{1EBE064E-242D-4490-9DD1-BE3B1F10AB62}.Debug|Any CPU.ActiveCfg = Debug|Any CPU
		{1EBE064E-242D-4490-9DD1-BE3B1F10AB62}.Debug|Any CPU.Build.0 = Debug|Any CPU
		{1EBE064E-242D-4490-9DD1-BE3B1F10AB62}.Release|Any CPU.ActiveCfg = Release|Any CPU
		{1EBE064E-242D-4490-9DD1-BE3B1F10AB62}.Release|Any CPU.Build.0 = Release|Any CPU
		{CAB6FAD5-D290-4D08-A2BE-6CD16688FE0F}.Debug|Any CPU.ActiveCfg = Debug|Any CPU
		{CAB6FAD5-D290-4D08-A2BE-6CD16688FE0F}.Debug|Any CPU.Build.0 = Debug|Any CPU
		{CAB6FAD5-D290-4D08-A2BE-6CD16688FE0F}.Release|Any CPU.ActiveCfg = Release|Any CPU
		{CAB6FAD5-D290-4D08-A2BE-6CD16688FE0F}.Release|Any CPU.Build.0 = Release|Any CPU
		{7F391CB3-AF56-4634-B7F7-606D2A344236}.Debug|Any CPU.ActiveCfg = Debug|Any CPU
		{7F391CB3-AF56-4634-B7F7-606D2A344236}.Debug|Any CPU.Build.0 = Debug|Any CPU
		{7F391CB3-AF56-4634-B7F7-606D2A344236}.Release|Any CPU.ActiveCfg = Release|Any CPU
		{7F391CB3-AF56-4634-B7F7-606D2A344236}.Release|Any CPU.Build.0 = Release|Any CPU
		{CC59A75F-4266-413E-8D72-2BD5711FF292}.Debug|Any CPU.ActiveCfg = Debug|Any CPU
		{CC59A75F-4266-413E-8D72-2BD5711FF292}.Debug|Any CPU.Build.0 = Debug|Any CPU
		{CC59A75F-4266-413E-8D72-2BD5711FF292}.Release|Any CPU.ActiveCfg = Release|Any CPU
		{CC59A75F-4266-413E-8D72-2BD5711FF292}.Release|Any CPU.Build.0 = Release|Any CPU
		{8FBCE4E0-F058-44AF-BC26-A9FC381FC044}.Debug|Any CPU.ActiveCfg = Debug|Any CPU
		{8FBCE4E0-F058-44AF-BC26-A9FC381FC044}.Debug|Any CPU.Build.0 = Debug|Any CPU
		{8FBCE4E0-F058-44AF-BC26-A9FC381FC044}.Release|Any CPU.ActiveCfg = Release|Any CPU
		{8FBCE4E0-F058-44AF-BC26-A9FC381FC044}.Release|Any CPU.Build.0 = Release|Any CPU
		{1564C288-CCC4-42D1-A771-B619FF88C4CC}.Debug|Any CPU.ActiveCfg = Debug|Any CPU
		{1564C288-CCC4-42D1-A771-B619FF88C4CC}.Debug|Any CPU.Build.0 = Debug|Any CPU
		{1564C288-CCC4-42D1-A771-B619FF88C4CC}.Release|Any CPU.ActiveCfg = Release|Any CPU
		{1564C288-CCC4-42D1-A771-B619FF88C4CC}.Release|Any CPU.Build.0 = Release|Any CPU
		{FD02F945-E89D-40E7-9E84-72B30DFB3D86}.Debug|Any CPU.ActiveCfg = Debug|Any CPU
		{FD02F945-E89D-40E7-9E84-72B30DFB3D86}.Debug|Any CPU.Build.0 = Debug|Any CPU
		{FD02F945-E89D-40E7-9E84-72B30DFB3D86}.Release|Any CPU.ActiveCfg = Release|Any CPU
		{FD02F945-E89D-40E7-9E84-72B30DFB3D86}.Release|Any CPU.Build.0 = Release|Any CPU
		{A577791A-572B-42DB-A0A6-DBF66245B0B3}.Debug|Any CPU.ActiveCfg = Debug|Any CPU
		{A577791A-572B-42DB-A0A6-DBF66245B0B3}.Debug|Any CPU.Build.0 = Debug|Any CPU
		{A577791A-572B-42DB-A0A6-DBF66245B0B3}.Release|Any CPU.ActiveCfg = Release|Any CPU
		{A577791A-572B-42DB-A0A6-DBF66245B0B3}.Release|Any CPU.Build.0 = Release|Any CPU
		{1D0EE927-A984-4EC2-B15A-50957BCEEE2F}.Debug|Any CPU.ActiveCfg = Debug|Any CPU
		{1D0EE927-A984-4EC2-B15A-50957BCEEE2F}.Debug|Any CPU.Build.0 = Debug|Any CPU
		{1D0EE927-A984-4EC2-B15A-50957BCEEE2F}.Release|Any CPU.ActiveCfg = Release|Any CPU
		{1D0EE927-A984-4EC2-B15A-50957BCEEE2F}.Release|Any CPU.Build.0 = Release|Any CPU
		{665FB13C-C0FA-44F3-95A8-1D96DAE86D89}.Debug|Any CPU.ActiveCfg = Debug|Any CPU
		{665FB13C-C0FA-44F3-95A8-1D96DAE86D89}.Debug|Any CPU.Build.0 = Debug|Any CPU
		{665FB13C-C0FA-44F3-95A8-1D96DAE86D89}.Release|Any CPU.ActiveCfg = Release|Any CPU
		{665FB13C-C0FA-44F3-95A8-1D96DAE86D89}.Release|Any CPU.Build.0 = Release|Any CPU
		{EACE727D-AAEA-4603-AD52-5AF1058F0424}.Debug|Any CPU.ActiveCfg = Debug|Any CPU
		{EACE727D-AAEA-4603-AD52-5AF1058F0424}.Debug|Any CPU.Build.0 = Debug|Any CPU
		{EACE727D-AAEA-4603-AD52-5AF1058F0424}.Release|Any CPU.ActiveCfg = Release|Any CPU
		{EACE727D-AAEA-4603-AD52-5AF1058F0424}.Release|Any CPU.Build.0 = Release|Any CPU
	EndGlobalSection
	GlobalSection(SolutionProperties) = preSolution
		HideSolutionNode = FALSE
	EndGlobalSection
	GlobalSection(NestedProjects) = preSolution
		{1EBE064E-242D-4490-9DD1-BE3B1F10AB62} = {02EA681E-C7D8-13C7-8484-4AC65E1B71E8}
		{CAB6FAD5-D290-4D08-A2BE-6CD16688FE0F} = {98741729-A52E-43D9-AB3B-87B1DE379C24}
		{7F391CB3-AF56-4634-B7F7-606D2A344236} = {05F8F57A-3C9D-4083-BDB6-2D0090A2C61A}
		{CC59A75F-4266-413E-8D72-2BD5711FF292} = {ECD8C243-9612-49DC-B91E-0CC7AEC8E5B2}
		{8FBCE4E0-F058-44AF-BC26-A9FC381FC044} = {9CF39F02-ED61-4C7D-97F6-AC6D2D2F7962}
		{1564C288-CCC4-42D1-A771-B619FF88C4CC} = {B0286696-E3F0-407F-B80D-7621FC0EE499}
		{FD02F945-E89D-40E7-9E84-72B30DFB3D86} = {162489A3-6597-4796-9449-BEECD790DE5B}
		{A577791A-572B-42DB-A0A6-DBF66245B0B3} = {AE9AB7A2-22E0-46DD-815C-6B7ACEB8F05D}
		{1D0EE927-A984-4EC2-B15A-50957BCEEE2F} = {AA1F6245-A6FE-4095-AEAB-2876A544D9E6}
		{665FB13C-C0FA-44F3-95A8-1D96DAE86D89} = {88B5621B-05BA-4C54-9466-9B2609F4BCD0}
		{EACE727D-AAEA-4603-AD52-5AF1058F0424} = {514B3772-909A-4A8F-B18C-F0BCA78E6729}
	EndGlobalSection
	GlobalSection(ExtensibilityGlobals) = postSolution
		SolutionGuid = {986BDFED-9557-4783-9496-8B9DF120DDB7}
	EndGlobalSection
EndGlobal
